
Microsoft Visual Studio Solution File, Format Version 12.00
# Visual Studio Version 16
VisualStudioVersion = 16.0.31410.357
MinimumVisualStudioVersion = 10.0.40219.1
Project("{FAE04EC0-301F-11D3-BF4B-00C04F79EFBC}") = "multithreading", "multithreading\multithreading.csproj", "{F60217CE-BD79-4A1D-998E-1E3998BBB8C8}"
EndProject
Global
	GlobalSection(SolutionConfigurationPlatforms) = preSolution
		Debug|Any CPU = Debug|Any CPU
		Release|Any CPU = Release|Any CPU
	EndGlobalSection
	GlobalSection(ProjectConfigurationPlatforms) = postSolution
		{F60217CE-BD79-4A1D-998E-1E3998BBB8C8}.Debug|Any CPU.ActiveCfg = Debug|Any CPU
		{F60217CE-BD79-4A1D-998E-1E3998BBB8C8}.Debug|Any CPU.Build.0 = Debug|Any CPU
		{F60217CE-BD79-4A1D-998E-1E3998BBB8C8}.Release|Any CPU.ActiveCfg = Release|Any CPU
		{F60217CE-BD79-4A1D-998E-1E3998BBB8C8}.Release|Any CPU.Build.0 = Release|Any CPU
	EndGlobalSection
	GlobalSection(SolutionProperties) = preSolution
		HideSolutionNode = FALSE
	EndGlobalSection
	GlobalSection(ExtensibilityGlobals) = postSolution
		SolutionGuid = {EAAFC9E7-BA96-4ED2-9B70-22C86670732B}
	EndGlobalSection
EndGlobal
